
Microsoft Visual Studio Solution File, Format Version 12.00
# Visual Studio Version 17
VisualStudioVersion = 17.9.34607.119
MinimumVisualStudioVersion = 10.0.40219.1
Project("{FAE04EC0-301F-11D3-BF4B-00C04F79EFBC}") = "HelpdeskTicketClassifier", "HelpdeskTicketClassifier\HelpdeskTicketClassifier.csproj", "{B88AFA63-137C-4F85-B05B-6B992ED8943D}"
EndProject
Global
	GlobalSection(SolutionConfigurationPlatforms) = preSolution
		Debug|Any CPU = Debug|Any CPU
		Release|Any CPU = Release|Any CPU
	EndGlobalSection
	GlobalSection(ProjectConfigurationPlatforms) = postSolution
		{B88AFA63-137C-4F85-B05B-6B992ED8943D}.Debug|Any CPU.ActiveCfg = Debug|Any CPU
		{B88AFA63-137C-4F85-B05B-6B992ED8943D}.Debug|Any CPU.Build.0 = Debug|Any CPU
		{B88AFA63-137C-4F85-B05B-6B992ED8943D}.Release|Any CPU.ActiveCfg = Release|Any CPU
		{B88AFA63-137C-4F85-B05B-6B992ED8943D}.Release|Any CPU.Build.0 = Release|Any CPU
	EndGlobalSection
	GlobalSection(SolutionProperties) = preSolution
		HideSolutionNode = FALSE
	EndGlobalSection
	GlobalSection(ExtensibilityGlobals) = postSolution
		SolutionGuid = {D852C4D3-7822-4B7E-A9EF-7839FC7BDCA6}
	EndGlobalSection
EndGlobal
